
Microsoft Visual Studio Solution File, Format Version 12.00
# Visual Studio Version 17
VisualStudioVersion = 17.5.002.0
MinimumVisualStudioVersion = 10.0.40219.1
Project("{9A19103F-16F7-4668-BE54-9A1E7A4F7556}") = "Taller", "Taller.csproj", "{0B2C0819-4C84-454B-AA6E-8965F1E9AFEF}"
EndProject
Global
	GlobalSection(SolutionConfigurationPlatforms) = preSolution
		Debug|Any CPU = Debug|Any CPU
		Release|Any CPU = Release|Any CPU
	EndGlobalSection
	GlobalSection(ProjectConfigurationPlatforms) = postSolution
		{0B2C0819-4C84-454B-AA6E-8965F1E9AFEF}.Debug|Any CPU.ActiveCfg = Debug|Any CPU
		{0B2C0819-4C84-454B-AA6E-8965F1E9AFEF}.Debug|Any CPU.Build.0 = Debug|Any CPU
		{0B2C0819-4C84-454B-AA6E-8965F1E9AFEF}.Release|Any CPU.ActiveCfg = Release|Any CPU
		{0B2C0819-4C84-454B-AA6E-8965F1E9AFEF}.Release|Any CPU.Build.0 = Release|Any CPU
	EndGlobalSection
	GlobalSection(SolutionProperties) = preSolution
		HideSolutionNode = FALSE
	EndGlobalSection
	GlobalSection(ExtensibilityGlobals) = postSolution
		SolutionGuid = {19EDBA29-54F7-4DD0-B9A3-9614D04481A7}
	EndGlobalSection
EndGlobal
